
Microsoft Visual Studio Solution File, Format Version 12.00
# Visual Studio Version 17
VisualStudioVersion = 17.14.36414.22 d17.14
MinimumVisualStudioVersion = 10.0.40219.1
Project("{FAE04EC0-301F-11D3-BF4B-00C04F79EFBC}") = "twenty", "twenty\twenty.csproj", "{597FF3F1-37C8-4CAF-84F3-73611F7D000C}"
EndProject
Global
	GlobalSection(SolutionConfigurationPlatforms) = preSolution
		Debug|Any CPU = Debug|Any CPU
		Release|Any CPU = Release|Any CPU
	EndGlobalSection
	GlobalSection(ProjectConfigurationPlatforms) = postSolution
		{597FF3F1-37C8-4CAF-84F3-73611F7D000C}.Debug|Any CPU.ActiveCfg = Debug|Any CPU
		{597FF3F1-37C8-4CAF-84F3-73611F7D000C}.Debug|Any CPU.Build.0 = Debug|Any CPU
		{597FF3F1-37C8-4CAF-84F3-73611F7D000C}.Release|Any CPU.ActiveCfg = Release|Any CPU
		{597FF3F1-37C8-4CAF-84F3-73611F7D000C}.Release|Any CPU.Build.0 = Release|Any CPU
	EndGlobalSection
	GlobalSection(SolutionProperties) = preSolution
		HideSolutionNode = FALSE
	EndGlobalSection
	GlobalSection(ExtensibilityGlobals) = postSolution
		SolutionGuid = {77F095A2-38DA-49CB-A4AF-F0AD1822E0CA}
	EndGlobalSection
EndGlobal
