
Microsoft Visual Studio Solution File, Format Version 12.00
# Visual Studio Version 17
VisualStudioVersion = 17.14.36414.22 d17.14
MinimumVisualStudioVersion = 10.0.40219.1
Project("{FAE04EC0-301F-11D3-BF4B-00C04F79EFBC}") = "fivetteen", "fivetteen\fivetteen.csproj", "{A887EED8-4B51-49F7-A12F-84E4D5D1D14D}"
EndProject
Global
	GlobalSection(SolutionConfigurationPlatforms) = preSolution
		Debug|Any CPU = Debug|Any CPU
		Release|Any CPU = Release|Any CPU
	EndGlobalSection
	GlobalSection(ProjectConfigurationPlatforms) = postSolution
		{A887EED8-4B51-49F7-A12F-84E4D5D1D14D}.Debug|Any CPU.ActiveCfg = Debug|Any CPU
		{A887EED8-4B51-49F7-A12F-84E4D5D1D14D}.Debug|Any CPU.Build.0 = Debug|Any CPU
		{A887EED8-4B51-49F7-A12F-84E4D5D1D14D}.Release|Any CPU.ActiveCfg = Release|Any CPU
		{A887EED8-4B51-49F7-A12F-84E4D5D1D14D}.Release|Any CPU.Build.0 = Release|Any CPU
	EndGlobalSection
	GlobalSection(SolutionProperties) = preSolution
		HideSolutionNode = FALSE
	EndGlobalSection
	GlobalSection(ExtensibilityGlobals) = postSolution
		SolutionGuid = {755EE334-E24B-44D4-915B-F374A8862E7A}
	EndGlobalSection
EndGlobal
