
Microsoft Visual Studio Solution File, Format Version 12.00
# Visual Studio Version 17
VisualStudioVersion = 17.14.36414.22 d17.14
MinimumVisualStudioVersion = 10.0.40219.1
Project("{FAE04EC0-301F-11D3-BF4B-00C04F79EFBC}") = "four", "four\four.csproj", "{AB52FBA8-7D9C-4A2E-BE3D-A120DBAA8DDF}"
EndProject
Global
	GlobalSection(SolutionConfigurationPlatforms) = preSolution
		Debug|Any CPU = Debug|Any CPU
		Release|Any CPU = Release|Any CPU
	EndGlobalSection
	GlobalSection(ProjectConfigurationPlatforms) = postSolution
		{AB52FBA8-7D9C-4A2E-BE3D-A120DBAA8DDF}.Debug|Any CPU.ActiveCfg = Debug|Any CPU
		{AB52FBA8-7D9C-4A2E-BE3D-A120DBAA8DDF}.Debug|Any CPU.Build.0 = Debug|Any CPU
		{AB52FBA8-7D9C-4A2E-BE3D-A120DBAA8DDF}.Release|Any CPU.ActiveCfg = Release|Any CPU
		{AB52FBA8-7D9C-4A2E-BE3D-A120DBAA8DDF}.Release|Any CPU.Build.0 = Release|Any CPU
	EndGlobalSection
	GlobalSection(SolutionProperties) = preSolution
		HideSolutionNode = FALSE
	EndGlobalSection
	GlobalSection(ExtensibilityGlobals) = postSolution
		SolutionGuid = {98D1D3B3-90F6-4E47-B72A-923ABA5F6881}
	EndGlobalSection
EndGlobal
