
Microsoft Visual Studio Solution File, Format Version 12.00
# Visual Studio Version 17
VisualStudioVersion = 17.14.36414.22 d17.14
MinimumVisualStudioVersion = 10.0.40219.1
Project("{FAE04EC0-301F-11D3-BF4B-00C04F79EFBC}") = "Twelve", "Twelve\Twelve.csproj", "{855CE9CA-48D9-4FEF-A5A3-3943D406AF33}"
EndProject
Global
	GlobalSection(SolutionConfigurationPlatforms) = preSolution
		Debug|Any CPU = Debug|Any CPU
		Release|Any CPU = Release|Any CPU
	EndGlobalSection
	GlobalSection(ProjectConfigurationPlatforms) = postSolution
		{855CE9CA-48D9-4FEF-A5A3-3943D406AF33}.Debug|Any CPU.ActiveCfg = Debug|Any CPU
		{855CE9CA-48D9-4FEF-A5A3-3943D406AF33}.Debug|Any CPU.Build.0 = Debug|Any CPU
		{855CE9CA-48D9-4FEF-A5A3-3943D406AF33}.Release|Any CPU.ActiveCfg = Release|Any CPU
		{855CE9CA-48D9-4FEF-A5A3-3943D406AF33}.Release|Any CPU.Build.0 = Release|Any CPU
	EndGlobalSection
	GlobalSection(SolutionProperties) = preSolution
		HideSolutionNode = FALSE
	EndGlobalSection
	GlobalSection(ExtensibilityGlobals) = postSolution
		SolutionGuid = {65A210E3-2E9B-4131-A34A-F677D2240EA2}
	EndGlobalSection
EndGlobal
